
Microsoft Visual Studio Solution File, Format Version 12.00
# Visual Studio Version 17
VisualStudioVersion = 17.8.34330.188
MinimumVisualStudioVersion = 10.0.40219.1
Project("{FAE04EC0-301F-11D3-BF4B-00C04F79EFBC}") = "klasaArrayList", "klasaArrayList\klasaArrayList.csproj", "{96C7C56F-A845-48C5-85FA-D142928B18DF}"
EndProject
Global
	GlobalSection(SolutionConfigurationPlatforms) = preSolution
		Debug|Any CPU = Debug|Any CPU
		Release|Any CPU = Release|Any CPU
	EndGlobalSection
	GlobalSection(ProjectConfigurationPlatforms) = postSolution
		{96C7C56F-A845-48C5-85FA-D142928B18DF}.Debug|Any CPU.ActiveCfg = Debug|Any CPU
		{96C7C56F-A845-48C5-85FA-D142928B18DF}.Debug|Any CPU.Build.0 = Debug|Any CPU
		{96C7C56F-A845-48C5-85FA-D142928B18DF}.Release|Any CPU.ActiveCfg = Release|Any CPU
		{96C7C56F-A845-48C5-85FA-D142928B18DF}.Release|Any CPU.Build.0 = Release|Any CPU
	EndGlobalSection
	GlobalSection(SolutionProperties) = preSolution
		HideSolutionNode = FALSE
	EndGlobalSection
	GlobalSection(ExtensibilityGlobals) = postSolution
		SolutionGuid = {A240C1EF-F393-48E1-B18F-8141A3488B92}
	EndGlobalSection
EndGlobal
